# This file was autogenerated by Stack.
# You should not edit this file by hand.
# For more information, please see the documentation at:
#   https://docs.haskellstack.org/en/stable/lock_files

packages:
- completed:
    hackage: wiringPi-1.0.1.1@sha256:2f7ca3fc61dd5b29965447155ccb64db3588f518008cd8b5980ab90f580bf556,5099
    pantry-tree:
      size: 1156
      sha256: dce3e64ccf8e04d76234594e7a8e13d8762ae98ee87dc78bee8a60d321bbee03
  original:
    hackage: wiringPi-1.0.1.1@sha256:2f7ca3fc61dd5b29965447155ccb64db3588f518008cd8b5980ab90f580bf556
- completed:
    hackage: gtk3-0.15.0@sha256:22adbf7c19887997307449d0b9ec86dfafa8b7ed6270751a24fccbcb7e1ead53,19462
    pantry-tree:
      size: 21251
      sha256: 2d462d0f047675daee3022233c410ea38193720473a4af815e21503275f6be0b
  original:
    hackage: gtk3-0.15.0@sha256:22adbf7c19887997307449d0b9ec86dfafa8b7ed6270751a24fccbcb7e1ead53
- completed:
    hackage: gio-0.13.5.0@sha256:1e02962f498f62ba68cff88e7f7379e2f8c192f311d867b22f4815518b2f9a86,3089
    pantry-tree:
      size: 2036
      sha256: 6cc101d7d69b6cd3a1c3d7ff1044b66c36f246940e583fd5410700b1f6e10382
  original:
    hackage: gio-0.13.5.0@sha256:1e02962f498f62ba68cff88e7f7379e2f8c192f311d867b22f4815518b2f9a86
snapshots:
- completed:
    size: 527836
    url: https://raw.githubusercontent.com/commercialhaskell/stackage-snapshots/master/lts/11/22.yaml
    sha256: 341870ac98d8a9f8f77c4adf2e9e0b22063e264a7fbeb4c85b7af5f380dac60e
  original: lts-11.22
