# This file was autogenerated by Stack.
# You should not edit this file by hand.
# For more information, please see the documentation at:
#   https://docs.haskellstack.org/en/stable/lock_files

packages:
- completed:
    hackage: wiringPi-1.0.1.1@sha256:2f7ca3fc61dd5b29965447155ccb64db3588f518008cd8b5980ab90f580bf556,5099
    pantry-tree:
      size: 1156
      sha256: dce3e64ccf8e04d76234594e7a8e13d8762ae98ee87dc78bee8a60d321bbee03
  original:
    hackage: wiringPi-1.0.1.1@sha256:2f7ca3fc61dd5b29965447155ccb64db3588f518008cd8b5980ab90f580bf556
- completed:
    hackage: haskell-gi-overloading-0.0@sha256:e1ba6583d908525af55f45ede17224a0fe5e7c8980bb5962ac39ee8b429e5bae,631
    pantry-tree:
      size: 264
      sha256: b76f20f1b0acbce7bce3e36d0d5feb28cc63dd90ced15c1e6176d8c583535543
  original:
    hackage: haskell-gi-overloading-0.0@sha256:e1ba6583d908525af55f45ede17224a0fe5e7c8980bb5962ac39ee8b429e5bae,631
snapshots:
- completed:
    size: 563100
    url: https://raw.githubusercontent.com/commercialhaskell/stackage-snapshots/master/lts/17/0.yaml
    sha256: e93a85871577ea3423d5f3454b2b6bd37c2c2123c79faf511dfb64f5b49a9f8b
  original: lts-17.0
